// !$*UTF8*$!
{
	archiveVersion = 1;
	classes = {
	};
	objectVersion = 46;
	objects = {

/* Begin PBXBuildFile section */
		040517111B15F15E00803ED2 /* ToDetailViewPresentationController.swift in Sources */ = {isa = PBXBuildFile; fileRef = 040517101B15F15E00803ED2 /* ToDetailViewPresentationController.swift */; };
		045E05D21B160943001F4147 /* BackToMainViewPresentationController.swift in Sources */ = {isa = PBXBuildFile; fileRef = 045E05D11B160943001F4147 /* BackToMainViewPresentationController.swift */; };
		048632841B147D3500F08C74 /* Photo.swift in Sources */ = {isa = PBXBuildFile; fileRef = 048632831B147D3500F08C74 /* Photo.swift */; };
		048632861B14812700F08C74 /* DetailViewModel.swift in Sources */ = {isa = PBXBuildFile; fileRef = 048632851B14812700F08C74 /* DetailViewModel.swift */; };
		048632881B14816D00F08C74 /* DetailViewController.swift in Sources */ = {isa = PBXBuildFile; fileRef = 048632871B14816D00F08C74 /* DetailViewController.swift */; };
		0486328B1B14979B00F08C74 /* PhotoStore.swift in Sources */ = {isa = PBXBuildFile; fileRef = 0486328A1B14979B00F08C74 /* PhotoStore.swift */; };
		04897FD91AF9F68200A88017 /* AppDelegate.swift in Sources */ = {isa = PBXBuildFile; fileRef = 04897FD81AF9F68200A88017 /* AppDelegate.swift */; };
		04897FDE1AF9F68200A88017 /* Main.storyboard in Resources */ = {isa = PBXBuildFile; fileRef = 04897FDC1AF9F68200A88017 /* Main.storyboard */; };
		04897FE01AF9F68200A88017 /* Images.xcassets in Resources */ = {isa = PBXBuildFile; fileRef = 04897FDF1AF9F68200A88017 /* Images.xcassets */; };
		04897FE31AF9F68200A88017 /* LaunchScreen.xib in Resources */ = {isa = PBXBuildFile; fileRef = 04897FE11AF9F68200A88017 /* LaunchScreen.xib */; };
		04897FEF1AF9F68200A88017 /* ExpandableTableViewTests.swift in Sources */ = {isa = PBXBuildFile; fileRef = 04897FEE1AF9F68200A88017 /* ExpandableTableViewTests.swift */; };
		04897FFB1AF9F6D700A88017 /* TableViewController.swift in Sources */ = {isa = PBXBuildFile; fileRef = 04897FFA1AF9F6D700A88017 /* TableViewController.swift */; };
		04897FFE1AF9F71900A88017 /* ExpandableTableViewCell.swift in Sources */ = {isa = PBXBuildFile; fileRef = 04897FFD1AF9F71900A88017 /* ExpandableTableViewCell.swift */; };
		048980011AF9F76D00A88017 /* TableViewModel.swift in Sources */ = {isa = PBXBuildFile; fileRef = 048980001AF9F76D00A88017 /* TableViewModel.swift */; };
/* End PBXBuildFile section */

/* Begin PBXContainerItemProxy section */
		04897FE91AF9F68200A88017 /* PBXContainerItemProxy */ = {
			isa = PBXContainerItemProxy;
			containerPortal = 04897FCB1AF9F68100A88017 /* Project object */;
			proxyType = 1;
			remoteGlobalIDString = 04897FD21AF9F68100A88017;
			remoteInfo = ExpandableTableView;
		};
/* End PBXContainerItemProxy section */

/* Begin PBXFileReference section */
		040517101B15F15E00803ED2 /* ToDetailViewPresentationController.swift */ = {isa = PBXFileReference; fileEncoding = 4; lastKnownFileType = sourcecode.swift; path = ToDetailViewPresentationController.swift; sourceTree = "<group>"; };
		045E05D11B160943001F4147 /* BackToMainViewPresentationController.swift */ = {isa = PBXFileReference; fileEncoding = 4; lastKnownFileType = sourcecode.swift; path = BackToMainViewPresentationController.swift; sourceTree = "<group>"; };
		048632831B147D3500F08C74 /* Photo.swift */ = {isa = PBXFileReference; fileEncoding = 4; lastKnownFileType = sourcecode.swift; path = Photo.swift; sourceTree = "<group>"; };
		048632851B14812700F08C74 /* DetailViewModel.swift */ = {isa = PBXFileReference; fileEncoding = 4; lastKnownFileType = sourcecode.swift; path = DetailViewModel.swift; sourceTree = "<group>"; };
		048632871B14816D00F08C74 /* DetailViewController.swift */ = {isa = PBXFileReference; fileEncoding = 4; lastKnownFileType = sourcecode.swift; path = DetailViewController.swift; sourceTree = "<group>"; };
		0486328A1B14979B00F08C74 /* PhotoStore.swift */ = {isa = PBXFileReference; fileEncoding = 4; lastKnownFileType = sourcecode.swift; path = PhotoStore.swift; sourceTree = "<group>"; };
		04897FD31AF9F68100A88017 /* ExpandableTableView.app */ = {isa = PBXFileReference; explicitFileType = wrapper.application; includeInIndex = 0; path = ExpandableTableView.app; sourceTree = BUILT_PRODUCTS_DIR; };
		04897FD71AF9F68200A88017 /* Info.plist */ = {isa = PBXFileReference; lastKnownFileType = text.plist.xml; path = Info.plist; sourceTree = "<group>"; };
		04897FD81AF9F68200A88017 /* AppDelegate.swift */ = {isa = PBXFileReference; lastKnownFileType = sourcecode.swift; path = AppDelegate.swift; sourceTree = "<group>"; };
		04897FDD1AF9F68200A88017 /* Base */ = {isa = PBXFileReference; lastKnownFileType = file.storyboard; name = Base; path = Base.lproj/Main.storyboard; sourceTree = "<group>"; };
		04897FDF1AF9F68200A88017 /* Images.xcassets */ = {isa = PBXFileReference; lastKnownFileType = folder.assetcatalog; path = Images.xcassets; sourceTree = "<group>"; };
		04897FE21AF9F68200A88017 /* Base */ = {isa = PBXFileReference; lastKnownFileType = file.xib; name = Base; path = Base.lproj/LaunchScreen.xib; sourceTree = "<group>"; };
		04897FE81AF9F68200A88017 /* ExpandableTableViewTests.xctest */ = {isa = PBXFileReference; explicitFileType = wrapper.cfbundle; includeInIndex = 0; path = ExpandableTableViewTests.xctest; sourceTree = BUILT_PRODUCTS_DIR; };
		04897FED1AF9F68200A88017 /* Info.plist */ = {isa = PBXFileReference; lastKnownFileType = text.plist.xml; path = Info.plist; sourceTree = "<group>"; };
		04897FEE1AF9F68200A88017 /* ExpandableTableViewTests.swift */ = {isa = PBXFileReference; lastKnownFileType = sourcecode.swift; path = ExpandableTableViewTests.swift; sourceTree = "<group>"; };
		04897FFA1AF9F6D700A88017 /* TableViewController.swift */ = {isa = PBXFileReference; fileEncoding = 4; lastKnownFileType = sourcecode.swift; path = TableViewController.swift; sourceTree = "<group>"; };
		04897FFD1AF9F71900A88017 /* ExpandableTableViewCell.swift */ = {isa = PBXFileReference; fileEncoding = 4; lastKnownFileType = sourcecode.swift; path = ExpandableTableViewCell.swift; sourceTree = "<group>"; };
		048980001AF9F76D00A88017 /* TableViewModel.swift */ = {isa = PBXFileReference; fileEncoding = 4; lastKnownFileType = sourcecode.swift; path = TableViewModel.swift; sourceTree = "<group>"; };
/* End PBXFileReference section */

/* Begin PBXFrameworksBuildPhase section */
		04897FD01AF9F68100A88017 /* Frameworks */ = {
			isa = PBXFrameworksBuildPhase;
			buildActionMask = 2147483647;
			files = (
			);
			runOnlyForDeploymentPostprocessing = 0;
		};
		04897FE51AF9F68200A88017 /* Frameworks */ = {
			isa = PBXFrameworksBuildPhase;
			buildActionMask = 2147483647;
			files = (
			);
			runOnlyForDeploymentPostprocessing = 0;
		};
/* End PBXFrameworksBuildPhase section */

/* Begin PBXGroup section */
		0405170F1B15F14700803ED2 /* Transitions */ = {
			isa = PBXGroup;
			children = (
				040517101B15F15E00803ED2 /* ToDetailViewPresentationController.swift */,
				045E05D11B160943001F4147 /* BackToMainViewPresentationController.swift */,
			);
			name = Transitions;
			sourceTree = "<group>";
		};
		048632821B147D2400F08C74 /* Model */ = {
			isa = PBXGroup;
			children = (
				048632831B147D3500F08C74 /* Photo.swift */,
			);
			name = Model;
			sourceTree = "<group>";
		};
		048632891B14978F00F08C74 /* Data */ = {
			isa = PBXGroup;
			children = (
				0486328A1B14979B00F08C74 /* PhotoStore.swift */,
			);
			name = Data;
			sourceTree = "<group>";
		};
		04897FCA1AF9F68100A88017 = {
			isa = PBXGroup;
			children = (
				04897FD51AF9F68100A88017 /* ExpandableTableView */,
				04897FEB1AF9F68200A88017 /* ExpandableTableViewTests */,
				04897FD41AF9F68100A88017 /* Products */,
			);
			sourceTree = "<group>";
		};
		04897FD41AF9F68100A88017 /* Products */ = {
			isa = PBXGroup;
			children = (
				04897FD31AF9F68100A88017 /* ExpandableTableView.app */,
				04897FE81AF9F68200A88017 /* ExpandableTableViewTests.xctest */,
			);
			name = Products;
			sourceTree = "<group>";
		};
		04897FD51AF9F68100A88017 /* ExpandableTableView */ = {
			isa = PBXGroup;
			children = (
				0405170F1B15F14700803ED2 /* Transitions */,
				048632821B147D2400F08C74 /* Model */,
				048632891B14978F00F08C74 /* Data */,
				04897FFF1AF9F75A00A88017 /* View Models */,
				04897FFC1AF9F70900A88017 /* Views */,
				04897FF81AF9F6AA00A88017 /* View Controllers */,
				04897FF91AF9F6AE00A88017 /* Nibs & Storyboards */,
				04897FD61AF9F68100A88017 /* Supporting Files */,
			);
			path = ExpandableTableView;
			sourceTree = "<group>";
		};
		04897FD61AF9F68100A88017 /* Supporting Files */ = {
			isa = PBXGroup;
			children = (
				04897FDF1AF9F68200A88017 /* Images.xcassets */,
				04897FD81AF9F68200A88017 /* AppDelegate.swift */,
				04897FD71AF9F68200A88017 /* Info.plist */,
			);
			name = "Supporting Files";
			sourceTree = "<group>";
		};
		04897FEB1AF9F68200A88017 /* ExpandableTableViewTests */ = {
			isa = PBXGroup;
			children = (
				04897FEE1AF9F68200A88017 /* ExpandableTableViewTests.swift */,
				04897FEC1AF9F68200A88017 /* Supporting Files */,
			);
			path = ExpandableTableViewTests;
			sourceTree = "<group>";
		};
		04897FEC1AF9F68200A88017 /* Supporting Files */ = {
			isa = PBXGroup;
			children = (
				04897FED1AF9F68200A88017 /* Info.plist */,
			);
			name = "Supporting Files";
			sourceTree = "<group>";
		};
		04897FF81AF9F6AA00A88017 /* View Controllers */ = {
			isa = PBXGroup;
			children = (
				04897FFA1AF9F6D700A88017 /* TableViewController.swift */,
				048632871B14816D00F08C74 /* DetailViewController.swift */,
			);
			name = "View Controllers";
			sourceTree = "<group>";
		};
		04897FF91AF9F6AE00A88017 /* Nibs & Storyboards */ = {
			isa = PBXGroup;
			children = (
				04897FE11AF9F68200A88017 /* LaunchScreen.xib */,
				04897FDC1AF9F68200A88017 /* Main.storyboard */,
			);
			name = "Nibs & Storyboards";
			sourceTree = "<group>";
		};
		04897FFC1AF9F70900A88017 /* Views */ = {
			isa = PBXGroup;
			children = (
				04897FFD1AF9F71900A88017 /* ExpandableTableViewCell.swift */,
			);
			name = Views;
			sourceTree = "<group>";
		};
		04897FFF1AF9F75A00A88017 /* View Models */ = {
			isa = PBXGroup;
			children = (
				048980001AF9F76D00A88017 /* TableViewModel.swift */,
				048632851B14812700F08C74 /* DetailViewModel.swift */,
			);
			name = "View Models";
			sourceTree = "<group>";
		};
/* End PBXGroup section */

/* Begin PBXNativeTarget section */
		04897FD21AF9F68100A88017 /* ExpandableTableView */ = {
			isa = PBXNativeTarget;
			buildConfigurationList = 04897FF21AF9F68200A88017 /* Build configuration list for PBXNativeTarget "ExpandableTableView" */;
			buildPhases = (
				04897FCF1AF9F68100A88017 /* Sources */,
				04897FD01AF9F68100A88017 /* Frameworks */,
				04897FD11AF9F68100A88017 /* Resources */,
			);
			buildRules = (
			);
			dependencies = (
			);
			name = ExpandableTableView;
			productName = ExpandableTableView;
			productReference = 04897FD31AF9F68100A88017 /* ExpandableTableView.app */;
			productType = "com.apple.product-type.application";
		};
		04897FE71AF9F68200A88017 /* ExpandableTableViewTests */ = {
			isa = PBXNativeTarget;
			buildConfigurationList = 04897FF51AF9F68200A88017 /* Build configuration list for PBXNativeTarget "ExpandableTableViewTests" */;
			buildPhases = (
				04897FE41AF9F68200A88017 /* Sources */,
				04897FE51AF9F68200A88017 /* Frameworks */,
				04897FE61AF9F68200A88017 /* Resources */,
			);
			buildRules = (
			);
			dependencies = (
				04897FEA1AF9F68200A88017 /* PBXTargetDependency */,
			);
			name = ExpandableTableViewTests;
			productName = ExpandableTableViewTests;
			productReference = 04897FE81AF9F68200A88017 /* ExpandableTableViewTests.xctest */;
			productType = "com.apple.product-type.bundle.unit-test";
		};
/* End PBXNativeTarget section */

/* Begin PBXProject section */
		04897FCB1AF9F68100A88017 /* Project object */ = {
			isa = PBXProject;
			attributes = {
				LastUpgradeCheck = 0630;
				ORGANIZATIONNAME = "Vesza Jozsef";
				TargetAttributes = {
					04897FD21AF9F68100A88017 = {
						CreatedOnToolsVersion = 6.3.1;
					};
					04897FE71AF9F68200A88017 = {
						CreatedOnToolsVersion = 6.3.1;
						TestTargetID = 04897FD21AF9F68100A88017;
					};
				};
			};
			buildConfigurationList = 04897FCE1AF9F68100A88017 /* Build configuration list for PBXProject "ExpandableTableView" */;
			compatibilityVersion = "Xcode 3.2";
			developmentRegion = English;
			hasScannedForEncodings = 0;
			knownRegions = (
				en,
				Base,
			);
			mainGroup = 04897FCA1AF9F68100A88017;
			productRefGroup = 04897FD41AF9F68100A88017 /* Products */;
			projectDirPath = "";
			projectRoot = "";
			targets = (
				04897FD21AF9F68100A88017 /* ExpandableTableView */,
				04897FE71AF9F68200A88017 /* ExpandableTableViewTests */,
			);
		};
/* End PBXProject section */

/* Begin PBXResourcesBuildPhase section */
		04897FD11AF9F68100A88017 /* Resources */ = {
			isa = PBXResourcesBuildPhase;
			buildActionMask = 2147483647;
			files = (
				04897FDE1AF9F68200A88017 /* Main.storyboard in Resources */,
				04897FE31AF9F68200A88017 /* LaunchScreen.xib in Resources */,
				04897FE01AF9F68200A88017 /* Images.xcassets in Resources */,
			);
			runOnlyForDeploymentPostprocessing = 0;
		};
		04897FE61AF9F68200A88017 /* Resources */ = {
			isa = PBXResourcesBuildPhase;
			buildActionMask = 2147483647;
			files = (
			);
			runOnlyForDeploymentPostprocessing = 0;
		};
/* End PBXResourcesBuildPhase section */

/* Begin PBXSourcesBuildPhase section */
		04897FCF1AF9F68100A88017 /* Sources */ = {
			isa = PBXSourcesBuildPhase;
			buildActionMask = 2147483647;
			files = (
				040517111B15F15E00803ED2 /* ToDetailViewPresentationController.swift in Sources */,
				04897FD91AF9F68200A88017 /* AppDelegate.swift in Sources */,
				048632861B14812700F08C74 /* DetailViewModel.swift in Sources */,
				0486328B1B14979B00F08C74 /* PhotoStore.swift in Sources */,
				04897FFB1AF9F6D700A88017 /* TableViewController.swift in Sources */,
				04897FFE1AF9F71900A88017 /* ExpandableTableViewCell.swift in Sources */,
				048980011AF9F76D00A88017 /* TableViewModel.swift in Sources */,
				045E05D21B160943001F4147 /* BackToMainViewPresentationController.swift in Sources */,
				048632841B147D3500F08C74 /* Photo.swift in Sources */,
				048632881B14816D00F08C74 /* DetailViewController.swift in Sources */,
			);
			runOnlyForDeploymentPostprocessing = 0;
		};
		04897FE41AF9F68200A88017 /* Sources */ = {
			isa = PBXSourcesBuildPhase;
			buildActionMask = 2147483647;
			files = (
				04897FEF1AF9F68200A88017 /* ExpandableTableViewTests.swift in Sources */,
			);
			runOnlyForDeploymentPostprocessing = 0;
		};
/* End PBXSourcesBuildPhase section */

/* Begin PBXTargetDependency section */
		04897FEA1AF9F68200A88017 /* PBXTargetDependency */ = {
			isa = PBXTargetDependency;
			target = 04897FD21AF9F68100A88017 /* ExpandableTableView */;
			targetProxy = 04897FE91AF9F68200A88017 /* PBXContainerItemProxy */;
		};
/* End PBXTargetDependency section */

/* Begin PBXVariantGroup section */
		04897FDC1AF9F68200A88017 /* Main.storyboard */ = {
			isa = PBXVariantGroup;
			children = (
				04897FDD1AF9F68200A88017 /* Base */,
			);
			name = Main.storyboard;
			sourceTree = "<group>";
		};
		04897FE11AF9F68200A88017 /* LaunchScreen.xib */ = {
			isa = PBXVariantGroup;
			children = (
				04897FE21AF9F68200A88017 /* Base */,
			);
			name = LaunchScreen.xib;
			sourceTree = "<group>";
		};
/* End PBXVariantGroup section */

/* Begin XCBuildConfiguration section */
		04897FF01AF9F68200A88017 /* Debug */ = {
			isa = XCBuildConfiguration;
			buildSettings = {
				ALWAYS_SEARCH_USER_PATHS = NO;
				CLANG_CXX_LANGUAGE_STANDARD = "gnu++0x";
				CLANG_CXX_LIBRARY = "libc++";
				CLANG_ENABLE_MODULES = YES;
				CLANG_ENABLE_OBJC_ARC = YES;
				CLANG_WARN_BOOL_CONVERSION = YES;
				CLANG_WARN_CONSTANT_CONVERSION = YES;
				CLANG_WARN_DIRECT_OBJC_ISA_USAGE = YES_ERROR;
				CLANG_WARN_EMPTY_BODY = YES;
				CLANG_WARN_ENUM_CONVERSION = YES;
				CLANG_WARN_INT_CONVERSION = YES;
				CLANG_WARN_OBJC_ROOT_CLASS = YES_ERROR;
				CLANG_WARN_UNREACHABLE_CODE = YES;
				CLANG_WARN__DUPLICATE_METHOD_MATCH = YES;
				"CODE_SIGN_IDENTITY[sdk=iphoneos*]" = "iPhone Developer";
				COPY_PHASE_STRIP = NO;
				DEBUG_INFORMATION_FORMAT = "dwarf-with-dsym";
				ENABLE_STRICT_OBJC_MSGSEND = YES;
				GCC_C_LANGUAGE_STANDARD = gnu99;
				GCC_DYNAMIC_NO_PIC = NO;
				GCC_NO_COMMON_BLOCKS = YES;
				GCC_OPTIMIZATION_LEVEL = 0;
				GCC_PREPROCESSOR_DEFINITIONS = (
					"DEBUG=1",
					"$(inherited)",
				);
				GCC_SYMBOLS_PRIVATE_EXTERN = NO;
				GCC_WARN_64_TO_32_BIT_CONVERSION = YES;
				GCC_WARN_ABOUT_RETURN_TYPE = YES_ERROR;
				GCC_WARN_UNDECLARED_SELECTOR = YES;
				GCC_WARN_UNINITIALIZED_AUTOS = YES_AGGRESSIVE;
				GCC_WARN_UNUSED_FUNCTION = YES;
				GCC_WARN_UNUSED_VARIABLE = YES;
				IPHONEOS_DEPLOYMENT_TARGET = 8.3;
				MTL_ENABLE_DEBUG_INFO = YES;
				ONLY_ACTIVE_ARCH = YES;
				SDKROOT = iphoneos;
				SWIFT_OPTIMIZATION_LEVEL = "-Onone";
				TARGETED_DEVICE_FAMILY = "1,2";
			};
			name = Debug;
		};
		04897FF11AF9F68200A88017 /* Release */ = {
			isa = XCBuildConfiguration;
			buildSettings = {
				ALWAYS_SEARCH_USER_PATHS = NO;
				CLANG_CXX_LANGUAGE_STANDARD = "gnu++0x";
				CLANG_CXX_LIBRARY = "libc++";
				CLANG_ENABLE_MODULES = YES;
				CLANG_ENABLE_OBJC_ARC = YES;
				CLANG_WARN_BOOL_CONVERSION = YES;
				CLANG_WARN_CONSTANT_CONVERSION = YES;
				CLANG_WARN_DIRECT_OBJC_ISA_USAGE = YES_ERROR;
				CLANG_WARN_EMPTY_BODY = YES;
				CLANG_WARN_ENUM_CONVERSION = YES;
				CLANG_WARN_INT_CONVERSION = YES;
				CLANG_WARN_OBJC_ROOT_CLASS = YES_ERROR;
				CLANG_WARN_UNREACHABLE_CODE = YES;
				CLANG_WARN__DUPLICATE_METHOD_MATCH = YES;
				"CODE_SIGN_IDENTITY[sdk=iphoneos*]" = "iPhone Developer";
				COPY_PHASE_STRIP = NO;
				DEBUG_INFORMATION_FORMAT = "dwarf-with-dsym";
				ENABLE_NS_ASSERTIONS = NO;
				ENABLE_STRICT_OBJC_MSGSEND = YES;
				GCC_C_LANGUAGE_STANDARD = gnu99;
				GCC_NO_COMMON_BLOCKS = YES;
				GCC_WARN_64_TO_32_BIT_CONVERSION = YES;
				GCC_WARN_ABOUT_RETURN_TYPE = YES_ERROR;
				GCC_WARN_UNDECLARED_SELECTOR = YES;
				GCC_WARN_UNINITIALIZED_AUTOS = YES_AGGRESSIVE;
				GCC_WARN_UNUSED_FUNCTION = YES;
				GCC_WARN_UNUSED_VARIABLE = YES;
				IPHONEOS_DEPLOYMENT_TARGET = 8.3;
				MTL_ENABLE_DEBUG_INFO = NO;
				SDKROOT = iphoneos;
				TARGETED_DEVICE_FAMILY = "1,2";
				VALIDATE_PRODUCT = YES;
			};
			name = Release;
		};
		04897FF31AF9F68200A88017 /* Debug */ = {
			isa = XCBuildConfiguration;
			buildSettings = {
				ASSETCATALOG_COMPILER_APPICON_NAME = AppIcon;
				INFOPLIST_FILE = ExpandableTableView/Info.plist;
				LD_RUNPATH_SEARCH_PATHS = "$(inherited) @executable_path/Frameworks";
				PRODUCT_NAME = "$(TARGET_NAME)";
			};
			name = Debug;
		};
		04897FF41AF9F68200A88017 /* Release */ = {
			isa = XCBuildConfiguration;
			buildSettings = {
				ASSETCATALOG_COMPILER_APPICON_NAME = AppIcon;
				INFOPLIST_FILE = ExpandableTableView/Info.plist;
				LD_RUNPATH_SEARCH_PATHS = "$(inherited) @executable_path/Frameworks";
				PRODUCT_NAME = "$(TARGET_NAME)";
			};
			name = Release;
		};
		04897FF61AF9F68200A88017 /* Debug */ = {
			isa = XCBuildConfiguration;
			buildSettings = {
				BUNDLE_LOADER = "$(TEST_HOST)";
				FRAMEWORK_SEARCH_PATHS = (
					"$(SDKROOT)/Developer/Library/Frameworks",
					"$(inherited)",
				);
				GCC_PREPROCESSOR_DEFINITIONS = (
					"DEBUG=1",
					"$(inherited)",
				);
				INFOPLIST_FILE = ExpandableTableViewTests/Info.plist;
				LD_RUNPATH_SEARCH_PATHS = "$(inherited) @executable_path/Frameworks @loader_path/Frameworks";
				PRODUCT_NAME = "$(TARGET_NAME)";
				TEST_HOST = "$(BUILT_PRODUCTS_DIR)/ExpandableTableView.app/ExpandableTableView";
			};
			name = Debug;
		};
		04897FF71AF9F68200A88017 /* Release */ = {
			isa = XCBuildConfiguration;
			buildSettings = {
				BUNDLE_LOADER = "$(TEST_HOST)";
				FRAMEWORK_SEARCH_PATHS = (
					"$(SDKROOT)/Developer/Library/Frameworks",
					"$(inherited)",
				);
				INFOPLIST_FILE = ExpandableTableViewTests/Info.plist;
				LD_RUNPATH_SEARCH_PATHS = "$(inherited) @executable_path/Frameworks @loader_path/Frameworks";
				PRODUCT_NAME = "$(TARGET_NAME)";
				TEST_HOST = "$(BUILT_PRODUCTS_DIR)/ExpandableTableView.app/ExpandableTableView";
			};
			name = Release;
		};
/* End XCBuildConfiguration section */

/* Begin XCConfigurationList section */
		04897FCE1AF9F68100A88017 /* Build configuration list for PBXProject "ExpandableTableView" */ = {
			isa = XCConfigurationList;
			buildConfigurations = (
				04897FF01AF9F68200A88017 /* Debug */,
				04897FF11AF9F68200A88017 /* Release */,
			);
			defaultConfigurationIsVisible = 0;
			defaultConfigurationName = Release;
		};
		04897FF21AF9F68200A88017 /* Build configuration list for PBXNativeTarget "ExpandableTableView" */ = {
			isa = XCConfigurationList;
			buildConfigurations = (
				04897FF31AF9F68200A88017 /* Debug */,
				04897FF41AF9F68200A88017 /* Release */,
			);
			defaultConfigurationIsVisible = 0;
			defaultConfigurationName = Release;
		};
		04897FF51AF9F68200A88017 /* Build configuration list for PBXNativeTarget "ExpandableTableViewTests" */ = {
			isa = XCConfigurationList;
			buildConfigurations = (
				04897FF61AF9F68200A88017 /* Debug */,
				04897FF71AF9F68200A88017 /* Release */,
			);
			defaultConfigurationIsVisible = 0;
			defaultConfigurationName = Release;
		};
/* End XCConfigurationList section */
	};
	rootObject = 04897FCB1AF9F68100A88017 /* Project object */;
}
